// !$*UTF8*$!
{
	archiveVersion = 1;
	classes = {
	};
	objectVersion = 56;
	objects = {

/* Begin PBXBuildFile section */
		6F47445B28E9D10800F98F3A /* token.swift in Sources */ = {isa = PBXBuildFile; fileRef = 6F47445A28E9D10800F98F3A /* token.swift */; };
		6F76C1E128E907B600BBA419 /* remoteControl2App.swift in Sources */ = {isa = PBXBuildFile; fileRef = 6F76C1E028E907B600BBA419 /* remoteControl2App.swift */; };
		6F76C1E328E907B600BBA419 /* ContentView.swift in Sources */ = {isa = PBXBuildFile; fileRef = 6F76C1E228E907B600BBA419 /* ContentView.swift */; };
		6F76C1E528E907B700BBA419 /* Assets.xcassets in Resources */ = {isa = PBXBuildFile; fileRef = 6F76C1E428E907B700BBA419 /* Assets.xcassets */; };
		6F76C1E828E907B700BBA419 /* Preview Assets.xcassets in Resources */ = {isa = PBXBuildFile; fileRef = 6F76C1E728E907B700BBA419 /* Preview Assets.xcassets */; };
		6F76C1F228E907B700BBA419 /* remoteControl2Tests.swift in Sources */ = {isa = PBXBuildFile; fileRef = 6F76C1F128E907B700BBA419 /* remoteControl2Tests.swift */; };
		6F76C1FC28E907B700BBA419 /* remoteControl2UITests.swift in Sources */ = {isa = PBXBuildFile; fileRef = 6F76C1FB28E907B700BBA419 /* remoteControl2UITests.swift */; };
		6F76C1FE28E907B700BBA419 /* remoteControl2UITestsLaunchTests.swift in Sources */ = {isa = PBXBuildFile; fileRef = 6F76C1FD28E907B700BBA419 /* remoteControl2UITestsLaunchTests.swift */; };
		6F76C20428E907B700BBA419 /* remoteControl2 Watch App.app in Embed Watch Content */ = {isa = PBXBuildFile; fileRef = 6F76C20328E907B700BBA419 /* remoteControl2 Watch App.app */; settings = {ATTRIBUTES = (RemoveHeadersOnCopy, ); }; };
		6F76C20928E907B700BBA419 /* remoteControl2App.swift in Sources */ = {isa = PBXBuildFile; fileRef = 6F76C20828E907B700BBA419 /* remoteControl2App.swift */; };
		6F76C20B28E907B700BBA419 /* ContentView.swift in Sources */ = {isa = PBXBuildFile; fileRef = 6F76C20A28E907B700BBA419 /* ContentView.swift */; };
		6F76C20D28E907B700BBA419 /* Assets.xcassets in Resources */ = {isa = PBXBuildFile; fileRef = 6F76C20C28E907B700BBA419 /* Assets.xcassets */; };
		6F76C21028E907B700BBA419 /* Preview Assets.xcassets in Resources */ = {isa = PBXBuildFile; fileRef = 6F76C20F28E907B700BBA419 /* Preview Assets.xcassets */; };
		6F76C21A28E907B700BBA419 /* remoteControl2_Watch_AppTests.swift in Sources */ = {isa = PBXBuildFile; fileRef = 6F76C21928E907B700BBA419 /* remoteControl2_Watch_AppTests.swift */; };
		6F76C22428E907B700BBA419 /* remoteControl2_Watch_AppUITests.swift in Sources */ = {isa = PBXBuildFile; fileRef = 6F76C22328E907B700BBA419 /* remoteControl2_Watch_AppUITests.swift */; };
		6F76C22628E907B700BBA419 /* remoteControl2_Watch_AppUITestsLaunchTests.swift in Sources */ = {isa = PBXBuildFile; fileRef = 6F76C22528E907B700BBA419 /* remoteControl2_Watch_AppUITestsLaunchTests.swift */; };
/* End PBXBuildFile section */

/* Begin PBXContainerItemProxy section */
		6F47449E28EA0CA100F98F3A /* PBXContainerItemProxy */ = {
			isa = PBXContainerItemProxy;
			containerPortal = 6F76C1D528E907B600BBA419 /* Project object */;
			proxyType = 1;
			remoteGlobalIDString = 6F76C1DC28E907B600BBA419;
			remoteInfo = remoteControl2;
		};
		6F4744A028EA0CA400F98F3A /* PBXContainerItemProxy */ = {
			isa = PBXContainerItemProxy;
			containerPortal = 6F76C1D528E907B600BBA419 /* Project object */;
			proxyType = 1;
			remoteGlobalIDString = 6F76C1DC28E907B600BBA419;
			remoteInfo = remoteControl2;
		};
		6F4744A228EA0CD200F98F3A /* PBXContainerItemProxy */ = {
			isa = PBXContainerItemProxy;
			containerPortal = 6F76C1D528E907B600BBA419 /* Project object */;
			proxyType = 1;
			remoteGlobalIDString = 6F76C20228E907B700BBA419;
			remoteInfo = "remoteControl2 Watch App";
		};
		6F4744A428EA0CD800F98F3A /* PBXContainerItemProxy */ = {
			isa = PBXContainerItemProxy;
			containerPortal = 6F76C1D528E907B600BBA419 /* Project object */;
			proxyType = 1;
			remoteGlobalIDString = 6F76C20228E907B700BBA419;
			remoteInfo = "remoteControl2 Watch App";
		};
		6F76C1EE28E907B700BBA419 /* PBXContainerItemProxy */ = {
			isa = PBXContainerItemProxy;
			containerPortal = 6F76C1D528E907B600BBA419 /* Project object */;
			proxyType = 1;
			remoteGlobalIDString = 6F76C1DC28E907B600BBA419;
			remoteInfo = remoteControl2;
		};
		6F76C1F828E907B700BBA419 /* PBXContainerItemProxy */ = {
			isa = PBXContainerItemProxy;
			containerPortal = 6F76C1D528E907B600BBA419 /* Project object */;
			proxyType = 1;
			remoteGlobalIDString = 6F76C1DC28E907B600BBA419;
			remoteInfo = remoteControl2;
		};
		6F76C20528E907B700BBA419 /* PBXContainerItemProxy */ = {
			isa = PBXContainerItemProxy;
			containerPortal = 6F76C1D528E907B600BBA419 /* Project object */;
			proxyType = 1;
			remoteGlobalIDString = 6F76C20228E907B700BBA419;
			remoteInfo = "remoteControl2 Watch App";
		};
		6F76C21628E907B700BBA419 /* PBXContainerItemProxy */ = {
			isa = PBXContainerItemProxy;
			containerPortal = 6F76C1D528E907B600BBA419 /* Project object */;
			proxyType = 1;
			remoteGlobalIDString = 6F76C20228E907B700BBA419;
			remoteInfo = "remoteControl2 Watch App";
		};
		6F76C22028E907B700BBA419 /* PBXContainerItemProxy */ = {
			isa = PBXContainerItemProxy;
			containerPortal = 6F76C1D528E907B600BBA419 /* Project object */;
			proxyType = 1;
			remoteGlobalIDString = 6F76C20228E907B700BBA419;
			remoteInfo = "remoteControl2 Watch App";
		};
/* End PBXContainerItemProxy section */

/* Begin PBXCopyFilesBuildPhase section */
		6F76C22C28E907B700BBA419 /* Embed Watch Content */ = {
			isa = PBXCopyFilesBuildPhase;
			buildActionMask = 2147483647;
			dstPath = "$(CONTENTS_FOLDER_PATH)/Watch";
			dstSubfolderSpec = 16;
			files = (
				6F76C20428E907B700BBA419 /* remoteControl2 Watch App.app in Embed Watch Content */,
			);
			name = "Embed Watch Content";
			runOnlyForDeploymentPostprocessing = 0;
		};
/* End PBXCopyFilesBuildPhase section */

/* Begin PBXFileReference section */
		6F47445A28E9D10800F98F3A /* token.swift */ = {isa = PBXFileReference; lastKnownFileType = sourcecode.swift; path = token.swift; sourceTree = "<group>"; };
		6F76C1DD28E907B600BBA419 /* remoteControl2.app */ = {isa = PBXFileReference; explicitFileType = wrapper.application; includeInIndex = 0; path = remoteControl2.app; sourceTree = BUILT_PRODUCTS_DIR; };
		6F76C1E028E907B600BBA419 /* remoteControl2App.swift */ = {isa = PBXFileReference; lastKnownFileType = sourcecode.swift; path = remoteControl2App.swift; sourceTree = "<group>"; };
		6F76C1E228E907B600BBA419 /* ContentView.swift */ = {isa = PBXFileReference; lastKnownFileType = sourcecode.swift; path = ContentView.swift; sourceTree = "<group>"; };
		6F76C1E428E907B700BBA419 /* Assets.xcassets */ = {isa = PBXFileReference; lastKnownFileType = folder.assetcatalog; path = Assets.xcassets; sourceTree = "<group>"; };
		6F76C1E728E907B700BBA419 /* Preview Assets.xcassets */ = {isa = PBXFileReference; lastKnownFileType = folder.assetcatalog; path = "Preview Assets.xcassets"; sourceTree = "<group>"; };
		6F76C1ED28E907B700BBA419 /* remoteControl2Tests.xctest */ = {isa = PBXFileReference; explicitFileType = wrapper.cfbundle; includeInIndex = 0; path = remoteControl2Tests.xctest; sourceTree = BUILT_PRODUCTS_DIR; };
		6F76C1F128E907B700BBA419 /* remoteControl2Tests.swift */ = {isa = PBXFileReference; lastKnownFileType = sourcecode.swift; path = remoteControl2Tests.swift; sourceTree = "<group>"; };
		6F76C1F728E907B700BBA419 /* remoteControl2UITests.xctest */ = {isa = PBXFileReference; explicitFileType = wrapper.cfbundle; includeInIndex = 0; path = remoteControl2UITests.xctest; sourceTree = BUILT_PRODUCTS_DIR; };
		6F76C1FB28E907B700BBA419 /* remoteControl2UITests.swift */ = {isa = PBXFileReference; lastKnownFileType = sourcecode.swift; path = remoteControl2UITests.swift; sourceTree = "<group>"; };
		6F76C1FD28E907B700BBA419 /* remoteControl2UITestsLaunchTests.swift */ = {isa = PBXFileReference; lastKnownFileType = sourcecode.swift; path = remoteControl2UITestsLaunchTests.swift; sourceTree = "<group>"; };
		6F76C20328E907B700BBA419 /* remoteControl2 Watch App.app */ = {isa = PBXFileReference; explicitFileType = wrapper.application; includeInIndex = 0; path = "remoteControl2 Watch App.app"; sourceTree = BUILT_PRODUCTS_DIR; };
		6F76C20828E907B700BBA419 /* remoteControl2App.swift */ = {isa = PBXFileReference; lastKnownFileType = sourcecode.swift; path = remoteControl2App.swift; sourceTree = "<group>"; };
		6F76C20A28E907B700BBA419 /* ContentView.swift */ = {isa = PBXFileReference; lastKnownFileType = sourcecode.swift; path = ContentView.swift; sourceTree = "<group>"; };
		6F76C20C28E907B700BBA419 /* Assets.xcassets */ = {isa = PBXFileReference; lastKnownFileType = folder.assetcatalog; path = Assets.xcassets; sourceTree = "<group>"; };
		6F76C20F28E907B700BBA419 /* Preview Assets.xcassets */ = {isa = PBXFileReference; lastKnownFileType = folder.assetcatalog; path = "Preview Assets.xcassets"; sourceTree = "<group>"; };
		6F76C21528E907B700BBA419 /* remoteControl2 Watch AppTests.xctest */ = {isa = PBXFileReference; explicitFileType = wrapper.cfbundle; includeInIndex = 0; path = "remoteControl2 Watch AppTests.xctest"; sourceTree = BUILT_PRODUCTS_DIR; };
		6F76C21928E907B700BBA419 /* remoteControl2_Watch_AppTests.swift */ = {isa = PBXFileReference; lastKnownFileType = sourcecode.swift; path = remoteControl2_Watch_AppTests.swift; sourceTree = "<group>"; };
		6F76C21F28E907B700BBA419 /* remoteControl2 Watch AppUITests.xctest */ = {isa = PBXFileReference; explicitFileType = wrapper.cfbundle; includeInIndex = 0; path = "remoteControl2 Watch AppUITests.xctest"; sourceTree = BUILT_PRODUCTS_DIR; };
		6F76C22328E907B700BBA419 /* remoteControl2_Watch_AppUITests.swift */ = {isa = PBXFileReference; lastKnownFileType = sourcecode.swift; path = remoteControl2_Watch_AppUITests.swift; sourceTree = "<group>"; };
		6F76C22528E907B700BBA419 /* remoteControl2_Watch_AppUITestsLaunchTests.swift */ = {isa = PBXFileReference; lastKnownFileType = sourcecode.swift; path = remoteControl2_Watch_AppUITestsLaunchTests.swift; sourceTree = "<group>"; };
/* End PBXFileReference section */

/* Begin PBXFrameworksBuildPhase section */
		6F76C1DA28E907B600BBA419 /* Frameworks */ = {
			isa = PBXFrameworksBuildPhase;
			buildActionMask = 2147483647;
			files = (
			);
			runOnlyForDeploymentPostprocessing = 0;
		};
		6F76C1EA28E907B700BBA419 /* Frameworks */ = {
			isa = PBXFrameworksBuildPhase;
			buildActionMask = 2147483647;
			files = (
			);
			runOnlyForDeploymentPostprocessing = 0;
		};
		6F76C1F428E907B700BBA419 /* Frameworks */ = {
			isa = PBXFrameworksBuildPhase;
			buildActionMask = 2147483647;
			files = (
			);
			runOnlyForDeploymentPostprocessing = 0;
		};
		6F76C20028E907B700BBA419 /* Frameworks */ = {
			isa = PBXFrameworksBuildPhase;
			buildActionMask = 2147483647;
			files = (
			);
			runOnlyForDeploymentPostprocessing = 0;
		};
		6F76C21228E907B700BBA419 /* Frameworks */ = {
			isa = PBXFrameworksBuildPhase;
			buildActionMask = 2147483647;
			files = (
			);
			runOnlyForDeploymentPostprocessing = 0;
		};
		6F76C21C28E907B700BBA419 /* Frameworks */ = {
			isa = PBXFrameworksBuildPhase;
			buildActionMask = 2147483647;
			files = (
			);
			runOnlyForDeploymentPostprocessing = 0;
		};
/* End PBXFrameworksBuildPhase section */

/* Begin PBXGroup section */
		6F76C1D428E907B600BBA419 = {
			isa = PBXGroup;
			children = (
				6F76C1DF28E907B600BBA419 /* remoteControl2 */,
				6F76C1F028E907B700BBA419 /* remoteControl2Tests */,
				6F76C1FA28E907B700BBA419 /* remoteControl2UITests */,
				6F76C20728E907B700BBA419 /* remoteControl2 Watch App */,
				6F76C21828E907B700BBA419 /* remoteControl2 Watch AppTests */,
				6F76C22228E907B700BBA419 /* remoteControl2 Watch AppUITests */,
				6F76C1DE28E907B600BBA419 /* Products */,
			);
			sourceTree = "<group>";
		};
		6F76C1DE28E907B600BBA419 /* Products */ = {
			isa = PBXGroup;
			children = (
				6F76C1DD28E907B600BBA419 /* remoteControl2.app */,
				6F76C1ED28E907B700BBA419 /* remoteControl2Tests.xctest */,
				6F76C1F728E907B700BBA419 /* remoteControl2UITests.xctest */,
				6F76C20328E907B700BBA419 /* remoteControl2 Watch App.app */,
				6F76C21528E907B700BBA419 /* remoteControl2 Watch AppTests.xctest */,
				6F76C21F28E907B700BBA419 /* remoteControl2 Watch AppUITests.xctest */,
			);
			name = Products;
			sourceTree = "<group>";
		};
		6F76C1DF28E907B600BBA419 /* remoteControl2 */ = {
			isa = PBXGroup;
			children = (
				6F76C1E028E907B600BBA419 /* remoteControl2App.swift */,
				6F76C1E228E907B600BBA419 /* ContentView.swift */,
				6F76C1E428E907B700BBA419 /* Assets.xcassets */,
				6F76C1E628E907B700BBA419 /* Preview Content */,
			);
			path = remoteControl2;
			sourceTree = "<group>";
		};
		6F76C1E628E907B700BBA419 /* Preview Content */ = {
			isa = PBXGroup;
			children = (
				6F76C1E728E907B700BBA419 /* Preview Assets.xcassets */,
			);
			path = "Preview Content";
			sourceTree = "<group>";
		};
		6F76C1F028E907B700BBA419 /* remoteControl2Tests */ = {
			isa = PBXGroup;
			children = (
				6F76C1F128E907B700BBA419 /* remoteControl2Tests.swift */,
			);
			path = remoteControl2Tests;
			sourceTree = "<group>";
		};
		6F76C1FA28E907B700BBA419 /* remoteControl2UITests */ = {
			isa = PBXGroup;
			children = (
				6F76C1FB28E907B700BBA419 /* remoteControl2UITests.swift */,
				6F76C1FD28E907B700BBA419 /* remoteControl2UITestsLaunchTests.swift */,
			);
			path = remoteControl2UITests;
			sourceTree = "<group>";
		};
		6F76C20728E907B700BBA419 /* remoteControl2 Watch App */ = {
			isa = PBXGroup;
			children = (
				6F76C20828E907B700BBA419 /* remoteControl2App.swift */,
				6F76C20A28E907B700BBA419 /* ContentView.swift */,
				6F76C20C28E907B700BBA419 /* Assets.xcassets */,
				6F76C20E28E907B700BBA419 /* Preview Content */,
				6F47445A28E9D10800F98F3A /* token.swift */,
			);
			path = "remoteControl2 Watch App";
			sourceTree = "<group>";
		};
		6F76C20E28E907B700BBA419 /* Preview Content */ = {
			isa = PBXGroup;
			children = (
				6F76C20F28E907B700BBA419 /* Preview Assets.xcassets */,
			);
			path = "Preview Content";
			sourceTree = "<group>";
		};
		6F76C21828E907B700BBA419 /* remoteControl2 Watch AppTests */ = {
			isa = PBXGroup;
			children = (
				6F76C21928E907B700BBA419 /* remoteControl2_Watch_AppTests.swift */,
			);
			path = "remoteControl2 Watch AppTests";
			sourceTree = "<group>";
		};
		6F76C22228E907B700BBA419 /* remoteControl2 Watch AppUITests */ = {
			isa = PBXGroup;
			children = (
				6F76C22328E907B700BBA419 /* remoteControl2_Watch_AppUITests.swift */,
				6F76C22528E907B700BBA419 /* remoteControl2_Watch_AppUITestsLaunchTests.swift */,
			);
			path = "remoteControl2 Watch AppUITests";
			sourceTree = "<group>";
		};
/* End PBXGroup section */

/* Begin PBXNativeTarget section */
		6F76C1DC28E907B600BBA419 /* remoteControl2 */ = {
			isa = PBXNativeTarget;
			buildConfigurationList = 6F76C22D28E907B700BBA419 /* Build configuration list for PBXNativeTarget "remoteControl2" */;
			buildPhases = (
				6F76C1D928E907B600BBA419 /* Sources */,
				6F76C1DA28E907B600BBA419 /* Frameworks */,
				6F76C1DB28E907B600BBA419 /* Resources */,
				6F76C22C28E907B700BBA419 /* Embed Watch Content */,
			);
			buildRules = (
			);
			dependencies = (
				6F76C20628E907B700BBA419 /* PBXTargetDependency */,
			);
			name = remoteControl2;
			productName = remoteControl2;
			productReference = 6F76C1DD28E907B600BBA419 /* remoteControl2.app */;
			productType = "com.apple.product-type.application";
		};
		6F76C1EC28E907B700BBA419 /* remoteControl2Tests */ = {
			isa = PBXNativeTarget;
			buildConfigurationList = 6F76C23028E907B700BBA419 /* Build configuration list for PBXNativeTarget "remoteControl2Tests" */;
			buildPhases = (
				6F76C1E928E907B700BBA419 /* Sources */,
				6F76C1EA28E907B700BBA419 /* Frameworks */,
				6F76C1EB28E907B700BBA419 /* Resources */,
			);
			buildRules = (
			);
			dependencies = (
				6F76C1EF28E907B700BBA419 /* PBXTargetDependency */,
				6F4744A528EA0CD800F98F3A /* PBXTargetDependency */,
			);
			name = remoteControl2Tests;
			productName = remoteControl2Tests;
			productReference = 6F76C1ED28E907B700BBA419 /* remoteControl2Tests.xctest */;
			productType = "com.apple.product-type.bundle.unit-test";
		};
		6F76C1F628E907B700BBA419 /* remoteControl2UITests */ = {
			isa = PBXNativeTarget;
			buildConfigurationList = 6F76C23328E907B700BBA419 /* Build configuration list for PBXNativeTarget "remoteControl2UITests" */;
			buildPhases = (
				6F76C1F328E907B700BBA419 /* Sources */,
				6F76C1F428E907B700BBA419 /* Frameworks */,
				6F76C1F528E907B700BBA419 /* Resources */,
			);
			buildRules = (
			);
			dependencies = (
				6F76C1F928E907B700BBA419 /* PBXTargetDependency */,
				6F4744A328EA0CD200F98F3A /* PBXTargetDependency */,
			);
			name = remoteControl2UITests;
			productName = remoteControl2UITests;
			productReference = 6F76C1F728E907B700BBA419 /* remoteControl2UITests.xctest */;
			productType = "com.apple.product-type.bundle.ui-testing";
		};
		6F76C20228E907B700BBA419 /* remoteControl2 Watch App */ = {
			isa = PBXNativeTarget;
			buildConfigurationList = 6F76C22928E907B700BBA419 /* Build configuration list for PBXNativeTarget "remoteControl2 Watch App" */;
			buildPhases = (
				6F76C1FF28E907B700BBA419 /* Sources */,
				6F76C20028E907B700BBA419 /* Frameworks */,
				6F76C20128E907B700BBA419 /* Resources */,
			);
			buildRules = (
			);
			dependencies = (
			);
			name = "remoteControl2 Watch App";
			productName = "remoteControl2 Watch App";
			productReference = 6F76C20328E907B700BBA419 /* remoteControl2 Watch App.app */;
			productType = "com.apple.product-type.application";
		};
		6F76C21428E907B700BBA419 /* remoteControl2 Watch AppTests */ = {
			isa = PBXNativeTarget;
			buildConfigurationList = 6F76C23628E907B700BBA419 /* Build configuration list for PBXNativeTarget "remoteControl2 Watch AppTests" */;
			buildPhases = (
				6F76C21128E907B700BBA419 /* Sources */,
				6F76C21228E907B700BBA419 /* Frameworks */,
				6F76C21328E907B700BBA419 /* Resources */,
			);
			buildRules = (
			);
			dependencies = (
				6F76C21728E907B700BBA419 /* PBXTargetDependency */,
				6F4744A128EA0CA400F98F3A /* PBXTargetDependency */,
			);
			name = "remoteControl2 Watch AppTests";
			productName = "remoteControl2 Watch AppTests";
			productReference = 6F76C21528E907B700BBA419 /* remoteControl2 Watch AppTests.xctest */;
			productType = "com.apple.product-type.bundle.unit-test";
		};
		6F76C21E28E907B700BBA419 /* remoteControl2 Watch AppUITests */ = {
			isa = PBXNativeTarget;
			buildConfigurationList = 6F76C23928E907B700BBA419 /* Build configuration list for PBXNativeTarget "remoteControl2 Watch AppUITests" */;
			buildPhases = (
				6F76C21B28E907B700BBA419 /* Sources */,
				6F76C21C28E907B700BBA419 /* Frameworks */,
				6F76C21D28E907B700BBA419 /* Resources */,
			);
			buildRules = (
			);
			dependencies = (
				6F76C22128E907B700BBA419 /* PBXTargetDependency */,
				6F47449F28EA0CA100F98F3A /* PBXTargetDependency */,
			);
			name = "remoteControl2 Watch AppUITests";
			productName = "remoteControl2 Watch AppUITests";
			productReference = 6F76C21F28E907B700BBA419 /* remoteControl2 Watch AppUITests.xctest */;
			productType = "com.apple.product-type.bundle.ui-testing";
		};
/* End PBXNativeTarget section */

/* Begin PBXProject section */
		6F76C1D528E907B600BBA419 /* Project object */ = {
			isa = PBXProject;
			attributes = {
				BuildIndependentTargetsInParallel = 1;
				LastSwiftUpdateCheck = 1400;
				LastUpgradeCheck = 1400;
				TargetAttributes = {
					6F76C1DC28E907B600BBA419 = {
						CreatedOnToolsVersion = 14.0.1;
					};
					6F76C1EC28E907B700BBA419 = {
						CreatedOnToolsVersion = 14.0.1;
						TestTargetID = 6F76C1DC28E907B600BBA419;
					};
					6F76C1F628E907B700BBA419 = {
						CreatedOnToolsVersion = 14.0.1;
						TestTargetID = 6F76C1DC28E907B600BBA419;
					};
					6F76C20228E907B700BBA419 = {
						CreatedOnToolsVersion = 14.0.1;
					};
					6F76C21428E907B700BBA419 = {
						CreatedOnToolsVersion = 14.0.1;
						TestTargetID = 6F76C20228E907B700BBA419;
					};
					6F76C21E28E907B700BBA419 = {
						CreatedOnToolsVersion = 14.0.1;
						TestTargetID = 6F76C20228E907B700BBA419;
					};
				};
			};
			buildConfigurationList = 6F76C1D828E907B600BBA419 /* Build configuration list for PBXProject "remoteControl2" */;
			compatibilityVersion = "Xcode 14.0";
			developmentRegion = en;
			hasScannedForEncodings = 0;
			knownRegions = (
				en,
				Base,
			);
			mainGroup = 6F76C1D428E907B600BBA419;
			productRefGroup = 6F76C1DE28E907B600BBA419 /* Products */;
			projectDirPath = "";
			projectRoot = "";
			targets = (
				6F76C1DC28E907B600BBA419 /* remoteControl2 */,
				6F76C1EC28E907B700BBA419 /* remoteControl2Tests */,
				6F76C1F628E907B700BBA419 /* remoteControl2UITests */,
				6F76C20228E907B700BBA419 /* remoteControl2 Watch App */,
				6F76C21428E907B700BBA419 /* remoteControl2 Watch AppTests */,
				6F76C21E28E907B700BBA419 /* remoteControl2 Watch AppUITests */,
			);
		};
/* End PBXProject section */

/* Begin PBXResourcesBuildPhase section */
		6F76C1DB28E907B600BBA419 /* Resources */ = {
			isa = PBXResourcesBuildPhase;
			buildActionMask = 2147483647;
			files = (
				6F76C1E828E907B700BBA419 /* Preview Assets.xcassets in Resources */,
				6F76C1E528E907B700BBA419 /* Assets.xcassets in Resources */,
			);
			runOnlyForDeploymentPostprocessing = 0;
		};
		6F76C1EB28E907B700BBA419 /* Resources */ = {
			isa = PBXResourcesBuildPhase;
			buildActionMask = 2147483647;
			files = (
			);
			runOnlyForDeploymentPostprocessing = 0;
		};
		6F76C1F528E907B700BBA419 /* Resources */ = {
			isa = PBXResourcesBuildPhase;
			buildActionMask = 2147483647;
			files = (
			);
			runOnlyForDeploymentPostprocessing = 0;
		};
		6F76C20128E907B700BBA419 /* Resources */ = {
			isa = PBXResourcesBuildPhase;
			buildActionMask = 2147483647;
			files = (
				6F76C21028E907B700BBA419 /* Preview Assets.xcassets in Resources */,
				6F76C20D28E907B700BBA419 /* Assets.xcassets in Resources */,
			);
			runOnlyForDeploymentPostprocessing = 0;
		};
		6F76C21328E907B700BBA419 /* Resources */ = {
			isa = PBXResourcesBuildPhase;
			buildActionMask = 2147483647;
			files = (
			);
			runOnlyForDeploymentPostprocessing = 0;
		};
		6F76C21D28E907B700BBA419 /* Resources */ = {
			isa = PBXResourcesBuildPhase;
			buildActionMask = 2147483647;
			files = (
			);
			runOnlyForDeploymentPostprocessing = 0;
		};
/* End PBXResourcesBuildPhase section */

/* Begin PBXSourcesBuildPhase section */
		6F76C1D928E907B600BBA419 /* Sources */ = {
			isa = PBXSourcesBuildPhase;
			buildActionMask = 2147483647;
			files = (
				6F76C1E328E907B600BBA419 /* ContentView.swift in Sources */,
				6F76C1E128E907B600BBA419 /* remoteControl2App.swift in Sources */,
			);
			runOnlyForDeploymentPostprocessing = 0;
		};
		6F76C1E928E907B700BBA419 /* Sources */ = {
			isa = PBXSourcesBuildPhase;
			buildActionMask = 2147483647;
			files = (
				6F76C1F228E907B700BBA419 /* remoteControl2Tests.swift in Sources */,
			);
			runOnlyForDeploymentPostprocessing = 0;
		};
		6F76C1F328E907B700BBA419 /* Sources */ = {
			isa = PBXSourcesBuildPhase;
			buildActionMask = 2147483647;
			files = (
				6F76C1FC28E907B700BBA419 /* remoteControl2UITests.swift in Sources */,
				6F76C1FE28E907B700BBA419 /* remoteControl2UITestsLaunchTests.swift in Sources */,
			);
			runOnlyForDeploymentPostprocessing = 0;
		};
		6F76C1FF28E907B700BBA419 /* Sources */ = {
			isa = PBXSourcesBuildPhase;
			buildActionMask = 2147483647;
			files = (
				6F47445B28E9D10800F98F3A /* token.swift in Sources */,
				6F76C20B28E907B700BBA419 /* ContentView.swift in Sources */,
				6F76C20928E907B700BBA419 /* remoteControl2App.swift in Sources */,
			);
			runOnlyForDeploymentPostprocessing = 0;
		};
		6F76C21128E907B700BBA419 /* Sources */ = {
			isa = PBXSourcesBuildPhase;
			buildActionMask = 2147483647;
			files = (
				6F76C21A28E907B700BBA419 /* remoteControl2_Watch_AppTests.swift in Sources */,
			);
			runOnlyForDeploymentPostprocessing = 0;
		};
		6F76C21B28E907B700BBA419 /* Sources */ = {
			isa = PBXSourcesBuildPhase;
			buildActionMask = 2147483647;
			files = (
				6F76C22428E907B700BBA419 /* remoteControl2_Watch_AppUITests.swift in Sources */,
				6F76C22628E907B700BBA419 /* remoteControl2_Watch_AppUITestsLaunchTests.swift in Sources */,
			);
			runOnlyForDeploymentPostprocessing = 0;
		};
/* End PBXSourcesBuildPhase section */

/* Begin PBXTargetDependency section */
		6F47449F28EA0CA100F98F3A /* PBXTargetDependency */ = {
			isa = PBXTargetDependency;
			target = 6F76C1DC28E907B600BBA419 /* remoteControl2 */;
			targetProxy = 6F47449E28EA0CA100F98F3A /* PBXContainerItemProxy */;
		};
		6F4744A128EA0CA400F98F3A /* PBXTargetDependency */ = {
			isa = PBXTargetDependency;
			target = 6F76C1DC28E907B600BBA419 /* remoteControl2 */;
			targetProxy = 6F4744A028EA0CA400F98F3A /* PBXContainerItemProxy */;
		};
		6F4744A328EA0CD200F98F3A /* PBXTargetDependency */ = {
			isa = PBXTargetDependency;
			target = 6F76C20228E907B700BBA419 /* remoteControl2 Watch App */;
			targetProxy = 6F4744A228EA0CD200F98F3A /* PBXContainerItemProxy */;
		};
		6F4744A528EA0CD800F98F3A /* PBXTargetDependency */ = {
			isa = PBXTargetDependency;
			target = 6F76C20228E907B700BBA419 /* remoteControl2 Watch App */;
			targetProxy = 6F4744A428EA0CD800F98F3A /* PBXContainerItemProxy */;
		};
		6F76C1EF28E907B700BBA419 /* PBXTargetDependency */ = {
			isa = PBXTargetDependency;
			target = 6F76C1DC28E907B600BBA419 /* remoteControl2 */;
			targetProxy = 6F76C1EE28E907B700BBA419 /* PBXContainerItemProxy */;
		};
		6F76C1F928E907B700BBA419 /* PBXTargetDependency */ = {
			isa = PBXTargetDependency;
			target = 6F76C1DC28E907B600BBA419 /* remoteControl2 */;
			targetProxy = 6F76C1F828E907B700BBA419 /* PBXContainerItemProxy */;
		};
		6F76C20628E907B700BBA419 /* PBXTargetDependency */ = {
			isa = PBXTargetDependency;
			target = 6F76C20228E907B700BBA419 /* remoteControl2 Watch App */;
			targetProxy = 6F76C20528E907B700BBA419 /* PBXContainerItemProxy */;
		};
		6F76C21728E907B700BBA419 /* PBXTargetDependency */ = {
			isa = PBXTargetDependency;
			target = 6F76C20228E907B700BBA419 /* remoteControl2 Watch App */;
			targetProxy = 6F76C21628E907B700BBA419 /* PBXContainerItemProxy */;
		};
		6F76C22128E907B700BBA419 /* PBXTargetDependency */ = {
			isa = PBXTargetDependency;
			target = 6F76C20228E907B700BBA419 /* remoteControl2 Watch App */;
			targetProxy = 6F76C22028E907B700BBA419 /* PBXContainerItemProxy */;
		};
/* End PBXTargetDependency section */

/* Begin XCBuildConfiguration section */
		6F76C22728E907B700BBA419 /* Debug */ = {
			isa = XCBuildConfiguration;
			buildSettings = {
				ALWAYS_SEARCH_USER_PATHS = NO;
				CLANG_ANALYZER_NONNULL = YES;
				CLANG_ANALYZER_NUMBER_OBJECT_CONVERSION = YES_AGGRESSIVE;
				CLANG_CXX_LANGUAGE_STANDARD = "gnu++20";
				CLANG_ENABLE_MODULES = YES;
				CLANG_ENABLE_OBJC_ARC = YES;
				CLANG_ENABLE_OBJC_WEAK = YES;
				CLANG_WARN_BLOCK_CAPTURE_AUTORELEASING = YES;
				CLANG_WARN_BOOL_CONVERSION = YES;
				CLANG_WARN_COMMA = YES;
				CLANG_WARN_CONSTANT_CONVERSION = YES;
				CLANG_WARN_DEPRECATED_OBJC_IMPLEMENTATIONS = YES;
				CLANG_WARN_DIRECT_OBJC_ISA_USAGE = YES_ERROR;
				CLANG_WARN_DOCUMENTATION_COMMENTS = YES;
				CLANG_WARN_EMPTY_BODY = YES;
				CLANG_WARN_ENUM_CONVERSION = YES;
				CLANG_WARN_INFINITE_RECURSION = YES;
				CLANG_WARN_INT_CONVERSION = YES;
				CLANG_WARN_NON_LITERAL_NULL_CONVERSION = YES;
				CLANG_WARN_OBJC_IMPLICIT_RETAIN_SELF = YES;
				CLANG_WARN_OBJC_LITERAL_CONVERSION = YES;
				CLANG_WARN_OBJC_ROOT_CLASS = YES_ERROR;
				CLANG_WARN_QUOTED_INCLUDE_IN_FRAMEWORK_HEADER = YES;
				CLANG_WARN_RANGE_LOOP_ANALYSIS = YES;
				CLANG_WARN_STRICT_PROTOTYPES = YES;
				CLANG_WARN_SUSPICIOUS_MOVE = YES;
				CLANG_WARN_UNGUARDED_AVAILABILITY = YES_AGGRESSIVE;
				CLANG_WARN_UNREACHABLE_CODE = YES;
				CLANG_WARN__DUPLICATE_METHOD_MATCH = YES;
				COPY_PHASE_STRIP = NO;
				DEBUG_INFORMATION_FORMAT = dwarf;
				ENABLE_STRICT_OBJC_MSGSEND = YES;
				ENABLE_TESTABILITY = YES;
				GCC_C_LANGUAGE_STANDARD = gnu11;
				GCC_DYNAMIC_NO_PIC = NO;
				GCC_NO_COMMON_BLOCKS = YES;
				GCC_OPTIMIZATION_LEVEL = 0;
				GCC_PREPROCESSOR_DEFINITIONS = (
					"DEBUG=1",
					"$(inherited)",
				);
				GCC_WARN_64_TO_32_BIT_CONVERSION = YES;
				GCC_WARN_ABOUT_RETURN_TYPE = YES_ERROR;
				GCC_WARN_UNDECLARED_SELECTOR = YES;
				GCC_WARN_UNINITIALIZED_AUTOS = YES_AGGRESSIVE;
				GCC_WARN_UNUSED_FUNCTION = YES;
				GCC_WARN_UNUSED_VARIABLE = YES;
				MTL_ENABLE_DEBUG_INFO = INCLUDE_SOURCE;
				MTL_FAST_MATH = YES;
				ONLY_ACTIVE_ARCH = YES;
				SWIFT_ACTIVE_COMPILATION_CONDITIONS = DEBUG;
				SWIFT_OPTIMIZATION_LEVEL = "-Onone";
			};
			name = Debug;
		};
		6F76C22828E907B700BBA419 /* Release */ = {
			isa = XCBuildConfiguration;
			buildSettings = {
				ALWAYS_SEARCH_USER_PATHS = NO;
				CLANG_ANALYZER_NONNULL = YES;
				CLANG_ANALYZER_NUMBER_OBJECT_CONVERSION = YES_AGGRESSIVE;
				CLANG_CXX_LANGUAGE_STANDARD = "gnu++20";
				CLANG_ENABLE_MODULES = YES;
				CLANG_ENABLE_OBJC_ARC = YES;
				CLANG_ENABLE_OBJC_WEAK = YES;
				CLANG_WARN_BLOCK_CAPTURE_AUTORELEASING = YES;
				CLANG_WARN_BOOL_CONVERSION = YES;
				CLANG_WARN_COMMA = YES;
				CLANG_WARN_CONSTANT_CONVERSION = YES;
				CLANG_WARN_DEPRECATED_OBJC_IMPLEMENTATIONS = YES;
				CLANG_WARN_DIRECT_OBJC_ISA_USAGE = YES_ERROR;
				CLANG_WARN_DOCUMENTATION_COMMENTS = YES;
				CLANG_WARN_EMPTY_BODY = YES;
				CLANG_WARN_ENUM_CONVERSION = YES;
				CLANG_WARN_INFINITE_RECURSION = YES;
				CLANG_WARN_INT_CONVERSION = YES;
				CLANG_WARN_NON_LITERAL_NULL_CONVERSION = YES;
				CLANG_WARN_OBJC_IMPLICIT_RETAIN_SELF = YES;
				CLANG_WARN_OBJC_LITERAL_CONVERSION = YES;
				CLANG_WARN_OBJC_ROOT_CLASS = YES_ERROR;
				CLANG_WARN_QUOTED_INCLUDE_IN_FRAMEWORK_HEADER = YES;
				CLANG_WARN_RANGE_LOOP_ANALYSIS = YES;
				CLANG_WARN_STRICT_PROTOTYPES = YES;
				CLANG_WARN_SUSPICIOUS_MOVE = YES;
				CLANG_WARN_UNGUARDED_AVAILABILITY = YES_AGGRESSIVE;
				CLANG_WARN_UNREACHABLE_CODE = YES;
				CLANG_WARN__DUPLICATE_METHOD_MATCH = YES;
				COPY_PHASE_STRIP = NO;
				DEBUG_INFORMATION_FORMAT = "dwarf-with-dsym";
				ENABLE_NS_ASSERTIONS = NO;
				ENABLE_STRICT_OBJC_MSGSEND = YES;
				GCC_C_LANGUAGE_STANDARD = gnu11;
				GCC_NO_COMMON_BLOCKS = YES;
				GCC_WARN_64_TO_32_BIT_CONVERSION = YES;
				GCC_WARN_ABOUT_RETURN_TYPE = YES_ERROR;
				GCC_WARN_UNDECLARED_SELECTOR = YES;
				GCC_WARN_UNINITIALIZED_AUTOS = YES_AGGRESSIVE;
				GCC_WARN_UNUSED_FUNCTION = YES;
				GCC_WARN_UNUSED_VARIABLE = YES;
				MTL_ENABLE_DEBUG_INFO = NO;
				MTL_FAST_MATH = YES;
				SWIFT_COMPILATION_MODE = wholemodule;
				SWIFT_OPTIMIZATION_LEVEL = "-O";
			};
			name = Release;
		};
		6F76C22A28E907B700BBA419 /* Debug */ = {
			isa = XCBuildConfiguration;
			buildSettings = {
				ASSETCATALOG_COMPILER_APPICON_NAME = AppIcon;
				ASSETCATALOG_COMPILER_GLOBAL_ACCENT_COLOR_NAME = AccentColor;
				ASSETCATALOG_COMPILER_INCLUDE_ALL_APPICON_ASSETS = NO;
				CODE_SIGN_STYLE = Automatic;
				CURRENT_PROJECT_VERSION = 1;
				DEVELOPMENT_ASSET_PATHS = "\"remoteControl2 Watch App/Preview Content\"";
				DEVELOPMENT_TEAM = H84TH9K8VK;
				ENABLE_PREVIEWS = YES;
				GENERATE_INFOPLIST_FILE = YES;
				INFOPLIST_KEY_CFBundleDisplayName = remoteControl2;
				INFOPLIST_KEY_UISupportedInterfaceOrientations = "UIInterfaceOrientationPortrait UIInterfaceOrientationPortraitUpsideDown";
				INFOPLIST_KEY_WKCompanionAppBundleIdentifier = rnadint.remoteControl2;
				LD_RUNPATH_SEARCH_PATHS = (
					"$(inherited)",
					"@executable_path/Frameworks",
				);
				MARKETING_VERSION = 0.1.0;
				PRODUCT_BUNDLE_IDENTIFIER = rnadint.remoteControl2.watchkitapp;
				PRODUCT_NAME = "$(TARGET_NAME)";
				SDKROOT = watchos;
				SKIP_INSTALL = YES;
				SWIFT_EMIT_LOC_STRINGS = YES;
				SWIFT_VERSION = 5.0;
				TARGETED_DEVICE_FAMILY = 4;
				WATCHOS_DEPLOYMENT_TARGET = 9.0;
			};
			name = Debug;
		};
		6F76C22B28E907B700BBA419 /* Release */ = {
			isa = XCBuildConfiguration;
			buildSettings = {
				ASSETCATALOG_COMPILER_APPICON_NAME = AppIcon;
				ASSETCATALOG_COMPILER_GLOBAL_ACCENT_COLOR_NAME = AccentColor;
				ASSETCATALOG_COMPILER_INCLUDE_ALL_APPICON_ASSETS = NO;
				CODE_SIGN_STYLE = Automatic;
				CURRENT_PROJECT_VERSION = 1;
				DEVELOPMENT_ASSET_PATHS = "\"remoteControl2 Watch App/Preview Content\"";
				DEVELOPMENT_TEAM = H84TH9K8VK;
				ENABLE_PREVIEWS = YES;
				GENERATE_INFOPLIST_FILE = YES;
				INFOPLIST_KEY_CFBundleDisplayName = remoteControl2;
				INFOPLIST_KEY_UISupportedInterfaceOrientations = "UIInterfaceOrientationPortrait UIInterfaceOrientationPortraitUpsideDown";
				INFOPLIST_KEY_WKCompanionAppBundleIdentifier = rnadint.remoteControl2;
				LD_RUNPATH_SEARCH_PATHS = (
					"$(inherited)",
					"@executable_path/Frameworks",
				);
				MARKETING_VERSION = 0.1.0;
				PRODUCT_BUNDLE_IDENTIFIER = rnadint.remoteControl2.watchkitapp;
				PRODUCT_NAME = "$(TARGET_NAME)";
				SDKROOT = watchos;
				SKIP_INSTALL = YES;
				SWIFT_EMIT_LOC_STRINGS = YES;
				SWIFT_VERSION = 5.0;
				TARGETED_DEVICE_FAMILY = 4;
				VALIDATE_PRODUCT = YES;
				WATCHOS_DEPLOYMENT_TARGET = 9.0;
			};
			name = Release;
		};
		6F76C22E28E907B700BBA419 /* Debug */ = {
			isa = XCBuildConfiguration;
			buildSettings = {
				ALWAYS_EMBED_SWIFT_STANDARD_LIBRARIES = YES;
				ASSETCATALOG_COMPILER_APPICON_NAME = AppIcon;
				ASSETCATALOG_COMPILER_GLOBAL_ACCENT_COLOR_NAME = AccentColor;
				ASSETCATALOG_COMPILER_INCLUDE_ALL_APPICON_ASSETS = NO;
				CODE_SIGN_STYLE = Automatic;
				CURRENT_PROJECT_VERSION = 1;
				DEVELOPMENT_ASSET_PATHS = "\"remoteControl2/Preview Content\"";
				DEVELOPMENT_TEAM = H84TH9K8VK;
				ENABLE_PREVIEWS = YES;
				GENERATE_INFOPLIST_FILE = YES;
				INFOPLIST_KEY_CFBundleDisplayName = remoteControl2;
				INFOPLIST_KEY_LSApplicationCategoryType = "public.app-category.lifestyle";
				INFOPLIST_KEY_UIApplicationSceneManifest_Generation = YES;
				INFOPLIST_KEY_UIApplicationSupportsIndirectInputEvents = YES;
				INFOPLIST_KEY_UILaunchScreen_Generation = YES;
				INFOPLIST_KEY_UISupportedInterfaceOrientations_iPad = "UIInterfaceOrientationPortrait UIInterfaceOrientationPortraitUpsideDown UIInterfaceOrientationLandscapeLeft UIInterfaceOrientationLandscapeRight";
				INFOPLIST_KEY_UISupportedInterfaceOrientations_iPhone = "UIInterfaceOrientationPortrait UIInterfaceOrientationLandscapeLeft UIInterfaceOrientationLandscapeRight";
				IPHONEOS_DEPLOYMENT_TARGET = 16.0;
				LD_RUNPATH_SEARCH_PATHS = (
					"$(inherited)",
					"@executable_path/Frameworks",
				);
				MARKETING_VERSION = 0.1.0;
				PRODUCT_BUNDLE_IDENTIFIER = rnadint.remoteControl2;
				PRODUCT_NAME = "$(TARGET_NAME)";
				SDKROOT = iphoneos;
				SWIFT_EMIT_LOC_STRINGS = YES;
				SWIFT_VERSION = 5.0;
				TARGETED_DEVICE_FAMILY = "1,2";
			};
			name = Debug;
		};
		6F76C22F28E907B700BBA419 /* Release */ = {
			isa = XCBuildConfiguration;
			buildSettings = {
				ALWAYS_EMBED_SWIFT_STANDARD_LIBRARIES = YES;
				ASSETCATALOG_COMPILER_APPICON_NAME = AppIcon;
				ASSETCATALOG_COMPILER_GLOBAL_ACCENT_COLOR_NAME = AccentColor;
				ASSETCATALOG_COMPILER_INCLUDE_ALL_APPICON_ASSETS = NO;
				CODE_SIGN_STYLE = Automatic;
				CURRENT_PROJECT_VERSION = 1;
				DEVELOPMENT_ASSET_PATHS = "\"remoteControl2/Preview Content\"";
				DEVELOPMENT_TEAM = H84TH9K8VK;
				ENABLE_PREVIEWS = YES;
				GENERATE_INFOPLIST_FILE = YES;
				INFOPLIST_KEY_CFBundleDisplayName = remoteControl2;
				INFOPLIST_KEY_LSApplicationCategoryType = "public.app-category.lifestyle";
				INFOPLIST_KEY_UIApplicationSceneManifest_Generation = YES;
				INFOPLIST_KEY_UIApplicationSupportsIndirectInputEvents = YES;
				INFOPLIST_KEY_UILaunchScreen_Generation = YES;
				INFOPLIST_KEY_UISupportedInterfaceOrientations_iPad = "UIInterfaceOrientationPortrait UIInterfaceOrientationPortraitUpsideDown UIInterfaceOrientationLandscapeLeft UIInterfaceOrientationLandscapeRight";
				INFOPLIST_KEY_UISupportedInterfaceOrientations_iPhone = "UIInterfaceOrientationPortrait UIInterfaceOrientationLandscapeLeft UIInterfaceOrientationLandscapeRight";
				IPHONEOS_DEPLOYMENT_TARGET = 16.0;
				LD_RUNPATH_SEARCH_PATHS = (
					"$(inherited)",
					"@executable_path/Frameworks",
				);
				MARKETING_VERSION = 0.1.0;
				PRODUCT_BUNDLE_IDENTIFIER = rnadint.remoteControl2;
				PRODUCT_NAME = "$(TARGET_NAME)";
				SDKROOT = iphoneos;
				SWIFT_EMIT_LOC_STRINGS = YES;
				SWIFT_VERSION = 5.0;
				TARGETED_DEVICE_FAMILY = "1,2";
				VALIDATE_PRODUCT = YES;
			};
			name = Release;
		};
		6F76C23128E907B700BBA419 /* Debug */ = {
			isa = XCBuildConfiguration;
			buildSettings = {
				ALWAYS_EMBED_SWIFT_STANDARD_LIBRARIES = YES;
				BUNDLE_LOADER = "$(TEST_HOST)";
				CODE_SIGN_STYLE = Automatic;
				CURRENT_PROJECT_VERSION = 1;
				GENERATE_INFOPLIST_FILE = YES;
				IPHONEOS_DEPLOYMENT_TARGET = 16.0;
				MARKETING_VERSION = 1.0;
				PRODUCT_BUNDLE_IDENTIFIER = rnadint.remoteControl2Tests;
				PRODUCT_NAME = "$(TARGET_NAME)";
				SDKROOT = iphoneos;
				SWIFT_EMIT_LOC_STRINGS = NO;
				SWIFT_VERSION = 5.0;
				TARGETED_DEVICE_FAMILY = "1,2";
				TEST_HOST = "$(BUILT_PRODUCTS_DIR)/remoteControl2.app/$(BUNDLE_EXECUTABLE_FOLDER_PATH)/remoteControl2";
			};
			name = Debug;
		};
		6F76C23228E907B700BBA419 /* Release */ = {
			isa = XCBuildConfiguration;
			buildSettings = {
				ALWAYS_EMBED_SWIFT_STANDARD_LIBRARIES = YES;
				BUNDLE_LOADER = "$(TEST_HOST)";
				CODE_SIGN_STYLE = Automatic;
				CURRENT_PROJECT_VERSION = 1;
				GENERATE_INFOPLIST_FILE = YES;
				IPHONEOS_DEPLOYMENT_TARGET = 16.0;
				MARKETING_VERSION = 1.0;
				PRODUCT_BUNDLE_IDENTIFIER = rnadint.remoteControl2Tests;
				PRODUCT_NAME = "$(TARGET_NAME)";
				SDKROOT = iphoneos;
				SWIFT_EMIT_LOC_STRINGS = NO;
				SWIFT_VERSION = 5.0;
				TARGETED_DEVICE_FAMILY = "1,2";
				TEST_HOST = "$(BUILT_PRODUCTS_DIR)/remoteControl2.app/$(BUNDLE_EXECUTABLE_FOLDER_PATH)/remoteControl2";
				VALIDATE_PRODUCT = YES;
			};
			name = Release;
		};
		6F76C23428E907B700BBA419 /* Debug */ = {
			isa = XCBuildConfiguration;
			buildSettings = {
				ALWAYS_EMBED_SWIFT_STANDARD_LIBRARIES = YES;
				CODE_SIGN_STYLE = Automatic;
				CURRENT_PROJECT_VERSION = 1;
				GENERATE_INFOPLIST_FILE = YES;
				IPHONEOS_DEPLOYMENT_TARGET = 16.0;
				MARKETING_VERSION = 1.0;
				PRODUCT_BUNDLE_IDENTIFIER = rnadint.remoteControl2UITests;
				PRODUCT_NAME = "$(TARGET_NAME)";
				SDKROOT = iphoneos;
				SWIFT_EMIT_LOC_STRINGS = NO;
				SWIFT_VERSION = 5.0;
				TARGETED_DEVICE_FAMILY = "1,2";
				TEST_TARGET_NAME = remoteControl2;
			};
			name = Debug;
		};
		6F76C23528E907B700BBA419 /* Release */ = {
			isa = XCBuildConfiguration;
			buildSettings = {
				ALWAYS_EMBED_SWIFT_STANDARD_LIBRARIES = YES;
				CODE_SIGN_STYLE = Automatic;
				CURRENT_PROJECT_VERSION = 1;
				GENERATE_INFOPLIST_FILE = YES;
				IPHONEOS_DEPLOYMENT_TARGET = 16.0;
				MARKETING_VERSION = 1.0;
				PRODUCT_BUNDLE_IDENTIFIER = rnadint.remoteControl2UITests;
				PRODUCT_NAME = "$(TARGET_NAME)";
				SDKROOT = iphoneos;
				SWIFT_EMIT_LOC_STRINGS = NO;
				SWIFT_VERSION = 5.0;
				TARGETED_DEVICE_FAMILY = "1,2";
				TEST_TARGET_NAME = remoteControl2;
				VALIDATE_PRODUCT = YES;
			};
			name = Release;
		};
		6F76C23728E907B700BBA419 /* Debug */ = {
			isa = XCBuildConfiguration;
			buildSettings = {
				ALWAYS_EMBED_SWIFT_STANDARD_LIBRARIES = YES;
				BUNDLE_LOADER = "$(TEST_HOST)";
				CODE_SIGN_STYLE = Automatic;
				CURRENT_PROJECT_VERSION = 1;
				GENERATE_INFOPLIST_FILE = YES;
				MARKETING_VERSION = 1.0;
				PRODUCT_BUNDLE_IDENTIFIER = "rnadint.remoteControl2-Watch-AppTests";
				PRODUCT_NAME = "$(TARGET_NAME)";
				SDKROOT = watchos;
				SWIFT_EMIT_LOC_STRINGS = NO;
				SWIFT_VERSION = 5.0;
				TARGETED_DEVICE_FAMILY = 4;
				TEST_HOST = "$(BUILT_PRODUCTS_DIR)/remoteControl2 Watch App.app/$(BUNDLE_EXECUTABLE_FOLDER_PATH)/remoteControl2 Watch App";
				WATCHOS_DEPLOYMENT_TARGET = 9.0;
			};
			name = Debug;
		};
		6F76C23828E907B700BBA419 /* Release */ = {
			isa = XCBuildConfiguration;
			buildSettings = {
				ALWAYS_EMBED_SWIFT_STANDARD_LIBRARIES = YES;
				BUNDLE_LOADER = "$(TEST_HOST)";
				CODE_SIGN_STYLE = Automatic;
				CURRENT_PROJECT_VERSION = 1;
				GENERATE_INFOPLIST_FILE = YES;
				MARKETING_VERSION = 1.0;
				PRODUCT_BUNDLE_IDENTIFIER = "rnadint.remoteControl2-Watch-AppTests";
				PRODUCT_NAME = "$(TARGET_NAME)";
				SDKROOT = watchos;
				SWIFT_EMIT_LOC_STRINGS = NO;
				SWIFT_VERSION = 5.0;
				TARGETED_DEVICE_FAMILY = 4;
				TEST_HOST = "$(BUILT_PRODUCTS_DIR)/remoteControl2 Watch App.app/$(BUNDLE_EXECUTABLE_FOLDER_PATH)/remoteControl2 Watch App";
				VALIDATE_PRODUCT = YES;
				WATCHOS_DEPLOYMENT_TARGET = 9.0;
			};
			name = Release;
		};
		6F76C23A28E907B700BBA419 /* Debug */ = {
			isa = XCBuildConfiguration;
			buildSettings = {
				ALWAYS_EMBED_SWIFT_STANDARD_LIBRARIES = YES;
				CODE_SIGN_STYLE = Automatic;
				CURRENT_PROJECT_VERSION = 1;
				GENERATE_INFOPLIST_FILE = YES;
				MARKETING_VERSION = 1.0;
				PRODUCT_BUNDLE_IDENTIFIER = "rnadint.remoteControl2-Watch-AppUITests";
				PRODUCT_NAME = "$(TARGET_NAME)";
				SDKROOT = watchos;
				SWIFT_EMIT_LOC_STRINGS = NO;
				SWIFT_VERSION = 5.0;
				TARGETED_DEVICE_FAMILY = 4;
				TEST_TARGET_NAME = "remoteControl2 Watch App";
				WATCHOS_DEPLOYMENT_TARGET = 9.0;
			};
			name = Debug;
		};
		6F76C23B28E907B700BBA419 /* Release */ = {
			isa = XCBuildConfiguration;
			buildSettings = {
				ALWAYS_EMBED_SWIFT_STANDARD_LIBRARIES = YES;
				CODE_SIGN_STYLE = Automatic;
				CURRENT_PROJECT_VERSION = 1;
				GENERATE_INFOPLIST_FILE = YES;
				MARKETING_VERSION = 1.0;
				PRODUCT_BUNDLE_IDENTIFIER = "rnadint.remoteControl2-Watch-AppUITests";
				PRODUCT_NAME = "$(TARGET_NAME)";
				SDKROOT = watchos;
				SWIFT_EMIT_LOC_STRINGS = NO;
				SWIFT_VERSION = 5.0;
				TARGETED_DEVICE_FAMILY = 4;
				TEST_TARGET_NAME = "remoteControl2 Watch App";
				VALIDATE_PRODUCT = YES;
				WATCHOS_DEPLOYMENT_TARGET = 9.0;
			};
			name = Release;
		};
/* End XCBuildConfiguration section */

/* Begin XCConfigurationList section */
		6F76C1D828E907B600BBA419 /* Build configuration list for PBXProject "remoteControl2" */ = {
			isa = XCConfigurationList;
			buildConfigurations = (
				6F76C22728E907B700BBA419 /* Debug */,
				6F76C22828E907B700BBA419 /* Release */,
			);
			defaultConfigurationIsVisible = 0;
			defaultConfigurationName = Release;
		};
		6F76C22928E907B700BBA419 /* Build configuration list for PBXNativeTarget "remoteControl2 Watch App" */ = {
			isa = XCConfigurationList;
			buildConfigurations = (
				6F76C22A28E907B700BBA419 /* Debug */,
				6F76C22B28E907B700BBA419 /* Release */,
			);
			defaultConfigurationIsVisible = 0;
			defaultConfigurationName = Release;
		};
		6F76C22D28E907B700BBA419 /* Build configuration list for PBXNativeTarget "remoteControl2" */ = {
			isa = XCConfigurationList;
			buildConfigurations = (
				6F76C22E28E907B700BBA419 /* Debug */,
				6F76C22F28E907B700BBA419 /* Release */,
			);
			defaultConfigurationIsVisible = 0;
			defaultConfigurationName = Release;
		};
		6F76C23028E907B700BBA419 /* Build configuration list for PBXNativeTarget "remoteControl2Tests" */ = {
			isa = XCConfigurationList;
			buildConfigurations = (
				6F76C23128E907B700BBA419 /* Debug */,
				6F76C23228E907B700BBA419 /* Release */,
			);
			defaultConfigurationIsVisible = 0;
			defaultConfigurationName = Release;
		};
		6F76C23328E907B700BBA419 /* Build configuration list for PBXNativeTarget "remoteControl2UITests" */ = {
			isa = XCConfigurationList;
			buildConfigurations = (
				6F76C23428E907B700BBA419 /* Debug */,
				6F76C23528E907B700BBA419 /* Release */,
			);
			defaultConfigurationIsVisible = 0;
			defaultConfigurationName = Release;
		};
		6F76C23628E907B700BBA419 /* Build configuration list for PBXNativeTarget "remoteControl2 Watch AppTests" */ = {
			isa = XCConfigurationList;
			buildConfigurations = (
				6F76C23728E907B700BBA419 /* Debug */,
				6F76C23828E907B700BBA419 /* Release */,
			);
			defaultConfigurationIsVisible = 0;
			defaultConfigurationName = Release;
		};
		6F76C23928E907B700BBA419 /* Build configuration list for PBXNativeTarget "remoteControl2 Watch AppUITests" */ = {
			isa = XCConfigurationList;
			buildConfigurations = (
				6F76C23A28E907B700BBA419 /* Debug */,
				6F76C23B28E907B700BBA419 /* Release */,
			);
			defaultConfigurationIsVisible = 0;
			defaultConfigurationName = Release;
		};
/* End XCConfigurationList section */
	};
	rootObject = 6F76C1D528E907B600BBA419 /* Project object */;
}
